{
  "name": "testrsa",
  "version": "1.0.0",
  "lockfileVersion": 1,
  "requires": true,
  "dependencies": {
    "asn1": {
      "version": "0.2.3",
      "resolved": "https://registry.npmjs.org/asn1/-/asn1-0.2.3.tgz",
      "integrity": "sha1-2sh4dxPJlmhJ/IGAd36+nB3fO4Y="
    },
    "bindings": {
      "version": "1.3.0",
      "resolved": "https://registry.npmjs.org/bindings/-/bindings-1.3.0.tgz",
      "integrity": "sha512-DpLh5EzMR2kzvX1KIlVC0VkC3iZtHKTgdtZ0a3pglBZdaQFjt5S9g9xd1lE+YvXyfd6mtCeRnrUfOLYiTMlNSw=="
    },
    "nan": {
      "version": "2.7.0",
      "resolved": "https://registry.npmjs.org/nan/-/nan-2.7.0.tgz",
      "integrity": "sha1-2Vv3IeyHfgjbJ27T/G63j5CDrUY="
    },
    "node-rsa": {
      "version": "0.4.2",
      "resolved": "https://registry.npmjs.org/node-rsa/-/node-rsa-0.4.2.tgz",
      "integrity": "sha1-1jkXKewWqDDtWjgEKzFX0tXXJTA=",
      "requires": {
        "asn1": "0.2.3"
      }
    },
    "rsa-keygen": {
      "version": "1.0.6",
      "resolved": "https://registry.npmjs.org/rsa-keygen/-/rsa-keygen-1.0.6.tgz",
      "integrity": "sha1-PaO/gUfJYkfPaVaBsL2hem76QIY=",
      "requires": {
        "nan": "2.3.5"
      },
      "dependencies": {
        "nan": {
          "version": "2.3.5",
          "resolved": "https://registry.npmjs.org/nan/-/nan-2.3.5.tgz",
          "integrity": "sha1-gioNwmYpDOTNOhIoLKPn42Rmigg="
        }
      }
    },
    "ursa": {
      "version": "0.9.4",
      "resolved": "https://registry.npmjs.org/ursa/-/ursa-0.9.4.tgz",
      "integrity": "sha1-Ciq/t9xCZ/czsPjy/H8siV1ApBM=",
      "requires": {
        "bindings": "1.3.0",
        "nan": "2.7.0"
      }
    }
  }
}
